// !$*UTF8*$!
{
	archiveVersion = 1;
	classes = {
	};
	objectVersion = 56;
	objects = {

/* Begin PBXBuildFile section */
		7515315C2AEF73E4008CDDF5 /* LocalFileManager.swift in Sources */ = {isa = PBXBuildFile; fileRef = 7515315B2AEF73E4008CDDF5 /* LocalFileManager.swift */; };
		751531602AF0D546008CDDF5 /* SearchBarView.swift in Sources */ = {isa = PBXBuildFile; fileRef = 7515315F2AF0D546008CDDF5 /* SearchBarView.swift */; };
		751531622AF0E787008CDDF5 /* UIApplication.swift in Sources */ = {isa = PBXBuildFile; fileRef = 751531612AF0E787008CDDF5 /* UIApplication.swift */; };
		75530F162AEA3DD4008C7724 /* NetworkingManager.swift in Sources */ = {isa = PBXBuildFile; fileRef = 75530F152AEA3DD4008C7724 /* NetworkingManager.swift */; };
		75530F192AEA49D6008C7724 /* LocalNetworkingManager.swift in Sources */ = {isa = PBXBuildFile; fileRef = 75530F182AEA49D6008C7724 /* LocalNetworkingManager.swift */; };
		75530F1C2AEB9240008C7724 /* CoinImageView.swift in Sources */ = {isa = PBXBuildFile; fileRef = 75530F1B2AEB9240008C7724 /* CoinImageView.swift */; };
		755A15082AE6399100A630CB /* CoinRowView.swift in Sources */ = {isa = PBXBuildFile; fileRef = 755A15072AE6399100A630CB /* CoinRowView.swift */; };
		755A150A2AE639F300A630CB /* PreviewProvider.swift in Sources */ = {isa = PBXBuildFile; fileRef = 755A15092AE639F300A630CB /* PreviewProvider.swift */; };
		755A150C2AE6593B00A630CB /* Double.swift in Sources */ = {isa = PBXBuildFile; fileRef = 755A150B2AE6593B00A630CB /* Double.swift */; };
		755A150E2AE7988300A630CB /* HomeViewModel.swift in Sources */ = {isa = PBXBuildFile; fileRef = 755A150D2AE7988300A630CB /* HomeViewModel.swift */; };
		755A15102AE79D5800A630CB /* PaginationRowView.swift in Sources */ = {isa = PBXBuildFile; fileRef = 755A150F2AE79D5800A630CB /* PaginationRowView.swift */; };
		756F1B242AEB964C0042F2C6 /* CoinImageService.swift in Sources */ = {isa = PBXBuildFile; fileRef = 756F1B232AEB964C0042F2C6 /* CoinImageService.swift */; };
		756F1B272AEB9A9A0042F2C6 /* CoinImageViewModel.swift in Sources */ = {isa = PBXBuildFile; fileRef = 756F1B262AEB9A9A0042F2C6 /* CoinImageViewModel.swift */; };
		759CAA212AF4C12900BE97B5 /* MarketDataModel.swift in Sources */ = {isa = PBXBuildFile; fileRef = 759CAA202AF4C12900BE97B5 /* MarketDataModel.swift */; };
		759CAA232AF4C26400BE97B5 /* MarketDataService.swift in Sources */ = {isa = PBXBuildFile; fileRef = 759CAA222AF4C26400BE97B5 /* MarketDataService.swift */; };
		75A412B82AE8FB140003E6CC /* CoinDataService.swift in Sources */ = {isa = PBXBuildFile; fileRef = 75A412B72AE8FB140003E6CC /* CoinDataService.swift */; };
		75A412BB2AE9133F0003E6CC /* ErrorView.swift in Sources */ = {isa = PBXBuildFile; fileRef = 75A412BA2AE9133F0003E6CC /* ErrorView.swift */; };
		75B611D12AF37AA200332333 /* StatisticModel.swift in Sources */ = {isa = PBXBuildFile; fileRef = 75B611D02AF37AA200332333 /* StatisticModel.swift */; };
		75B611D52AF37CCA00332333 /* StatisticView.swift in Sources */ = {isa = PBXBuildFile; fileRef = 75B611D42AF37CCA00332333 /* StatisticView.swift */; };
		75B611D72AF38AAA00332333 /* HomeStatsView.swift in Sources */ = {isa = PBXBuildFile; fileRef = 75B611D62AF38AAA00332333 /* HomeStatsView.swift */; };
		75D0D82E2AF5313000CA3F14 /* PortfolioView.swift in Sources */ = {isa = PBXBuildFile; fileRef = 75D0D82D2AF5313000CA3F14 /* PortfolioView.swift */; };
		75D0D8302AF5354300CA3F14 /* XMarkButton.swift in Sources */ = {isa = PBXBuildFile; fileRef = 75D0D82F2AF5354300CA3F14 /* XMarkButton.swift */; };
		75D0D8322AF538ED00CA3F14 /* CoinLogoView.swift in Sources */ = {isa = PBXBuildFile; fileRef = 75D0D8312AF538ED00CA3F14 /* CoinLogoView.swift */; };
		75E4F9252ADFBD4B002A59FF /* StockAppApp.swift in Sources */ = {isa = PBXBuildFile; fileRef = 75E4F9242ADFBD4B002A59FF /* StockAppApp.swift */; };
		75E4F92C2ADFBD4C002A59FF /* Preview Assets.xcassets in Resources */ = {isa = PBXBuildFile; fileRef = 75E4F92B2ADFBD4C002A59FF /* Preview Assets.xcassets */; };
		75E4F9332ADFBE9A002A59FF /* Assets.xcassets in Resources */ = {isa = PBXBuildFile; fileRef = 75E4F9322ADFBE99002A59FF /* Assets.xcassets */; };
		75E4F9382ADFBFC6002A59FF /* Color.swift in Sources */ = {isa = PBXBuildFile; fileRef = 75E4F9372ADFBFC6002A59FF /* Color.swift */; };
		75E4F93E2AE100D4002A59FF /* HomeView.swift in Sources */ = {isa = PBXBuildFile; fileRef = 75E4F93D2AE100D4002A59FF /* HomeView.swift */; };
		75E4F9422AE1041A002A59FF /* CircleButtonView.swift in Sources */ = {isa = PBXBuildFile; fileRef = 75E4F9412AE1041A002A59FF /* CircleButtonView.swift */; };
		75E4F9442AE10959002A59FF /* CircleButtonAnimationView.swift in Sources */ = {isa = PBXBuildFile; fileRef = 75E4F9432AE10959002A59FF /* CircleButtonAnimationView.swift */; };
		75E4F9472AE15E4E002A59FF /* CoinModel.swift in Sources */ = {isa = PBXBuildFile; fileRef = 75E4F9462AE15E4E002A59FF /* CoinModel.swift */; };
/* End PBXBuildFile section */

/* Begin PBXFileReference section */
		7515315B2AEF73E4008CDDF5 /* LocalFileManager.swift */ = {isa = PBXFileReference; lastKnownFileType = sourcecode.swift; path = LocalFileManager.swift; sourceTree = "<group>"; };
		7515315F2AF0D546008CDDF5 /* SearchBarView.swift */ = {isa = PBXFileReference; lastKnownFileType = sourcecode.swift; path = SearchBarView.swift; sourceTree = "<group>"; };
		751531612AF0E787008CDDF5 /* UIApplication.swift */ = {isa = PBXFileReference; lastKnownFileType = sourcecode.swift; path = UIApplication.swift; sourceTree = "<group>"; };
		75530F152AEA3DD4008C7724 /* NetworkingManager.swift */ = {isa = PBXFileReference; lastKnownFileType = sourcecode.swift; path = NetworkingManager.swift; sourceTree = "<group>"; };
		75530F182AEA49D6008C7724 /* LocalNetworkingManager.swift */ = {isa = PBXFileReference; lastKnownFileType = sourcecode.swift; path = LocalNetworkingManager.swift; sourceTree = "<group>"; };
		75530F1B2AEB9240008C7724 /* CoinImageView.swift */ = {isa = PBXFileReference; lastKnownFileType = sourcecode.swift; path = CoinImageView.swift; sourceTree = "<group>"; };
		755A15072AE6399100A630CB /* CoinRowView.swift */ = {isa = PBXFileReference; lastKnownFileType = sourcecode.swift; path = CoinRowView.swift; sourceTree = "<group>"; };
		755A15092AE639F300A630CB /* PreviewProvider.swift */ = {isa = PBXFileReference; lastKnownFileType = sourcecode.swift; path = PreviewProvider.swift; sourceTree = "<group>"; };
		755A150B2AE6593B00A630CB /* Double.swift */ = {isa = PBXFileReference; lastKnownFileType = sourcecode.swift; path = Double.swift; sourceTree = "<group>"; };
		755A150D2AE7988300A630CB /* HomeViewModel.swift */ = {isa = PBXFileReference; lastKnownFileType = sourcecode.swift; path = HomeViewModel.swift; sourceTree = "<group>"; };
		755A150F2AE79D5800A630CB /* PaginationRowView.swift */ = {isa = PBXFileReference; lastKnownFileType = sourcecode.swift; path = PaginationRowView.swift; sourceTree = "<group>"; };
		756F1B232AEB964C0042F2C6 /* CoinImageService.swift */ = {isa = PBXFileReference; lastKnownFileType = sourcecode.swift; path = CoinImageService.swift; sourceTree = "<group>"; };
		756F1B262AEB9A9A0042F2C6 /* CoinImageViewModel.swift */ = {isa = PBXFileReference; lastKnownFileType = sourcecode.swift; path = CoinImageViewModel.swift; sourceTree = "<group>"; };
		759CAA202AF4C12900BE97B5 /* MarketDataModel.swift */ = {isa = PBXFileReference; lastKnownFileType = sourcecode.swift; path = MarketDataModel.swift; sourceTree = "<group>"; };
		759CAA222AF4C26400BE97B5 /* MarketDataService.swift */ = {isa = PBXFileReference; lastKnownFileType = sourcecode.swift; path = MarketDataService.swift; sourceTree = "<group>"; };
		75A412B72AE8FB140003E6CC /* CoinDataService.swift */ = {isa = PBXFileReference; lastKnownFileType = sourcecode.swift; path = CoinDataService.swift; sourceTree = "<group>"; };
		75A412BA2AE9133F0003E6CC /* ErrorView.swift */ = {isa = PBXFileReference; lastKnownFileType = sourcecode.swift; path = ErrorView.swift; sourceTree = "<group>"; };
		75B611D02AF37AA200332333 /* StatisticModel.swift */ = {isa = PBXFileReference; lastKnownFileType = sourcecode.swift; path = StatisticModel.swift; sourceTree = "<group>"; };
		75B611D42AF37CCA00332333 /* StatisticView.swift */ = {isa = PBXFileReference; lastKnownFileType = sourcecode.swift; path = StatisticView.swift; sourceTree = "<group>"; };
		75B611D62AF38AAA00332333 /* HomeStatsView.swift */ = {isa = PBXFileReference; lastKnownFileType = sourcecode.swift; path = HomeStatsView.swift; sourceTree = "<group>"; };
		75D0D82D2AF5313000CA3F14 /* PortfolioView.swift */ = {isa = PBXFileReference; lastKnownFileType = sourcecode.swift; path = PortfolioView.swift; sourceTree = "<group>"; };
		75D0D82F2AF5354300CA3F14 /* XMarkButton.swift */ = {isa = PBXFileReference; lastKnownFileType = sourcecode.swift; path = XMarkButton.swift; sourceTree = "<group>"; };
		75D0D8312AF538ED00CA3F14 /* CoinLogoView.swift */ = {isa = PBXFileReference; lastKnownFileType = sourcecode.swift; path = CoinLogoView.swift; sourceTree = "<group>"; };
		75E4F9212ADFBD4B002A59FF /* StockApp.app */ = {isa = PBXFileReference; explicitFileType = wrapper.application; includeInIndex = 0; path = StockApp.app; sourceTree = BUILT_PRODUCTS_DIR; };
		75E4F9242ADFBD4B002A59FF /* StockAppApp.swift */ = {isa = PBXFileReference; lastKnownFileType = sourcecode.swift; path = StockAppApp.swift; sourceTree = "<group>"; };
		75E4F92B2ADFBD4C002A59FF /* Preview Assets.xcassets */ = {isa = PBXFileReference; lastKnownFileType = folder.assetcatalog; path = "Preview Assets.xcassets"; sourceTree = "<group>"; };
		75E4F9322ADFBE99002A59FF /* Assets.xcassets */ = {isa = PBXFileReference; lastKnownFileType = folder.assetcatalog; name = Assets.xcassets; path = ../../../Downloads/Resources/Assets.xcassets; sourceTree = "<group>"; };
		75E4F9372ADFBFC6002A59FF /* Color.swift */ = {isa = PBXFileReference; lastKnownFileType = sourcecode.swift; path = Color.swift; sourceTree = "<group>"; };
		75E4F93D2AE100D4002A59FF /* HomeView.swift */ = {isa = PBXFileReference; lastKnownFileType = sourcecode.swift; path = HomeView.swift; sourceTree = "<group>"; };
		75E4F9412AE1041A002A59FF /* CircleButtonView.swift */ = {isa = PBXFileReference; lastKnownFileType = sourcecode.swift; path = CircleButtonView.swift; sourceTree = "<group>"; };
		75E4F9432AE10959002A59FF /* CircleButtonAnimationView.swift */ = {isa = PBXFileReference; lastKnownFileType = sourcecode.swift; path = CircleButtonAnimationView.swift; sourceTree = "<group>"; };
		75E4F9462AE15E4E002A59FF /* CoinModel.swift */ = {isa = PBXFileReference; lastKnownFileType = sourcecode.swift; path = CoinModel.swift; sourceTree = "<group>"; };
/* End PBXFileReference section */

/* Begin PBXFrameworksBuildPhase section */
		75E4F91E2ADFBD4B002A59FF /* Frameworks */ = {
			isa = PBXFrameworksBuildPhase;
			buildActionMask = 2147483647;
			files = (
			);
			runOnlyForDeploymentPostprocessing = 0;
		};
/* End PBXFrameworksBuildPhase section */

/* Begin PBXGroup section */
		75530F142AEA3C28008C7724 /* Utilities */ = {
			isa = PBXGroup;
			children = (
				75530F152AEA3DD4008C7724 /* NetworkingManager.swift */,
				7515315B2AEF73E4008CDDF5 /* LocalFileManager.swift */,
			);
			path = Utilities;
			sourceTree = "<group>";
		};
		75530F172AEA4884008C7724 /* LocalJson */ = {
			isa = PBXGroup;
			children = (
				75530F182AEA49D6008C7724 /* LocalNetworkingManager.swift */,
			);
			path = LocalJson;
			sourceTree = "<group>";
		};
		75530F1A2AEB9229008C7724 /* CoinImage */ = {
			isa = PBXGroup;
			children = (
				756F1B252AEB9A830042F2C6 /* ViewModel */,
				75530F1B2AEB9240008C7724 /* CoinImageView.swift */,
				75D0D8312AF538ED00CA3F14 /* CoinLogoView.swift */,
			);
			path = CoinImage;
			sourceTree = "<group>";
		};
		756F1B252AEB9A830042F2C6 /* ViewModel */ = {
			isa = PBXGroup;
			children = (
				756F1B262AEB9A9A0042F2C6 /* CoinImageViewModel.swift */,
			);
			path = ViewModel;
			sourceTree = "<group>";
		};
		75A412B62AE8FAE50003E6CC /* Services */ = {
			isa = PBXGroup;
			children = (
				75A412B72AE8FB140003E6CC /* CoinDataService.swift */,
				756F1B232AEB964C0042F2C6 /* CoinImageService.swift */,
				759CAA222AF4C26400BE97B5 /* MarketDataService.swift */,
			);
			path = Services;
			sourceTree = "<group>";
		};
		75E4F9182ADFBD4B002A59FF = {
			isa = PBXGroup;
			children = (
				75E4F9232ADFBD4B002A59FF /* StockApp */,
				75E4F9222ADFBD4B002A59FF /* Products */,
			);
			sourceTree = "<group>";
		};
		75E4F9222ADFBD4B002A59FF /* Products */ = {
			isa = PBXGroup;
			children = (
				75E4F9212ADFBD4B002A59FF /* StockApp.app */,
			);
			name = Products;
			sourceTree = "<group>";
		};
		75E4F9232ADFBD4B002A59FF /* StockApp */ = {
			isa = PBXGroup;
			children = (
				75E4F9242ADFBD4B002A59FF /* StockAppApp.swift */,
				75E4F9342ADFBF91002A59FF /* Extensions */,
				75530F172AEA4884008C7724 /* LocalJson */,
				75530F142AEA3C28008C7724 /* Utilities */,
				75A412B62AE8FAE50003E6CC /* Services */,
				75E4F9452AE15E18002A59FF /* Models */,
				75E4F9392AE10073002A59FF /* Core */,
				75E4F9322ADFBE99002A59FF /* Assets.xcassets */,
				75E4F92A2ADFBD4C002A59FF /* Preview Content */,
			);
			path = StockApp;
			sourceTree = "<group>";
		};
		75E4F92A2ADFBD4C002A59FF /* Preview Content */ = {
			isa = PBXGroup;
			children = (
				75E4F92B2ADFBD4C002A59FF /* Preview Assets.xcassets */,
			);
			path = "Preview Content";
			sourceTree = "<group>";
		};
		75E4F9342ADFBF91002A59FF /* Extensions */ = {
			isa = PBXGroup;
			children = (
				75E4F9372ADFBFC6002A59FF /* Color.swift */,
				755A15092AE639F300A630CB /* PreviewProvider.swift */,
				755A150B2AE6593B00A630CB /* Double.swift */,
				751531612AF0E787008CDDF5 /* UIApplication.swift */,
			);
			path = Extensions;
			sourceTree = "<group>";
		};
		75E4F9392AE10073002A59FF /* Core */ = {
			isa = PBXGroup;
			children = (
				75E4F93F2AE10217002A59FF /* Components */,
				75E4F93A2AE1008B002A59FF /* Home */,
			);
			path = Core;
			sourceTree = "<group>";
		};
		75E4F93A2AE1008B002A59FF /* Home */ = {
			isa = PBXGroup;
			children = (
				75E4F93B2AE10095002A59FF /* Views */,
				75E4F93C2AE1009D002A59FF /* ViewModels */,
			);
			path = Home;
			sourceTree = "<group>";
		};
		75E4F93B2AE10095002A59FF /* Views */ = {
			isa = PBXGroup;
			children = (
				75E4F93D2AE100D4002A59FF /* HomeView.swift */,
				75B611D62AF38AAA00332333 /* HomeStatsView.swift */,
				755A15072AE6399100A630CB /* CoinRowView.swift */,
				755A150F2AE79D5800A630CB /* PaginationRowView.swift */,
				75D0D82D2AF5313000CA3F14 /* PortfolioView.swift */,
			);
			path = Views;
			sourceTree = "<group>";
		};
		75E4F93C2AE1009D002A59FF /* ViewModels */ = {
			isa = PBXGroup;
			children = (
				755A150D2AE7988300A630CB /* HomeViewModel.swift */,
			);
			path = ViewModels;
			sourceTree = "<group>";
		};
		75E4F93F2AE10217002A59FF /* Components */ = {
			isa = PBXGroup;
			children = (
				75530F1A2AEB9229008C7724 /* CoinImage */,
				75E4F9402AE10408002A59FF /* CircleButton */,
				75A412BA2AE9133F0003E6CC /* ErrorView.swift */,
				7515315F2AF0D546008CDDF5 /* SearchBarView.swift */,
				75B611D42AF37CCA00332333 /* StatisticView.swift */,
				75D0D82F2AF5354300CA3F14 /* XMarkButton.swift */,
			);
			path = Components;
			sourceTree = "<group>";
		};
		75E4F9402AE10408002A59FF /* CircleButton */ = {
			isa = PBXGroup;
			children = (
				75E4F9412AE1041A002A59FF /* CircleButtonView.swift */,
				75E4F9432AE10959002A59FF /* CircleButtonAnimationView.swift */,
			);
			path = CircleButton;
			sourceTree = "<group>";
		};
		75E4F9452AE15E18002A59FF /* Models */ = {
			isa = PBXGroup;
			children = (
				75E4F9462AE15E4E002A59FF /* CoinModel.swift */,
				75B611D02AF37AA200332333 /* StatisticModel.swift */,
				759CAA202AF4C12900BE97B5 /* MarketDataModel.swift */,
			);
			path = Models;
			sourceTree = "<group>";
		};
/* End PBXGroup section */

/* Begin PBXNativeTarget section */
		75E4F9202ADFBD4B002A59FF /* StockApp */ = {
			isa = PBXNativeTarget;
			buildConfigurationList = 75E4F92F2ADFBD4C002A59FF /* Build configuration list for PBXNativeTarget "StockApp" */;
			buildPhases = (
				75E4F91D2ADFBD4B002A59FF /* Sources */,
				75E4F91E2ADFBD4B002A59FF /* Frameworks */,
				75E4F91F2ADFBD4B002A59FF /* Resources */,
			);
			buildRules = (
			);
			dependencies = (
			);
			name = StockApp;
			productName = StockApp;
			productReference = 75E4F9212ADFBD4B002A59FF /* StockApp.app */;
			productType = "com.apple.product-type.application";
		};
/* End PBXNativeTarget section */

/* Begin PBXProject section */
		75E4F9192ADFBD4B002A59FF /* Project object */ = {
			isa = PBXProject;
			attributes = {
				BuildIndependentTargetsInParallel = 1;
				LastSwiftUpdateCheck = 1430;
				LastUpgradeCheck = 1500;
				TargetAttributes = {
					75E4F9202ADFBD4B002A59FF = {
						CreatedOnToolsVersion = 14.3.1;
					};
				};
			};
			buildConfigurationList = 75E4F91C2ADFBD4B002A59FF /* Build configuration list for PBXProject "StockApp" */;
			compatibilityVersion = "Xcode 14.0";
			developmentRegion = en;
			hasScannedForEncodings = 0;
			knownRegions = (
				en,
				Base,
			);
			mainGroup = 75E4F9182ADFBD4B002A59FF;
			productRefGroup = 75E4F9222ADFBD4B002A59FF /* Products */;
			projectDirPath = "";
			projectRoot = "";
			targets = (
				75E4F9202ADFBD4B002A59FF /* StockApp */,
			);
		};
/* End PBXProject section */

/* Begin PBXResourcesBuildPhase section */
		75E4F91F2ADFBD4B002A59FF /* Resources */ = {
			isa = PBXResourcesBuildPhase;
			buildActionMask = 2147483647;
			files = (
				75E4F92C2ADFBD4C002A59FF /* Preview Assets.xcassets in Resources */,
				75E4F9332ADFBE9A002A59FF /* Assets.xcassets in Resources */,
			);
			runOnlyForDeploymentPostprocessing = 0;
		};
/* End PBXResourcesBuildPhase section */

/* Begin PBXSourcesBuildPhase section */
		75E4F91D2ADFBD4B002A59FF /* Sources */ = {
			isa = PBXSourcesBuildPhase;
			buildActionMask = 2147483647;
			files = (
				75A412B82AE8FB140003E6CC /* CoinDataService.swift in Sources */,
				75E4F93E2AE100D4002A59FF /* HomeView.swift in Sources */,
				75E4F9252ADFBD4B002A59FF /* StockAppApp.swift in Sources */,
				75D0D8302AF5354300CA3F14 /* XMarkButton.swift in Sources */,
				75E4F9442AE10959002A59FF /* CircleButtonAnimationView.swift in Sources */,
				751531602AF0D546008CDDF5 /* SearchBarView.swift in Sources */,
				755A150E2AE7988300A630CB /* HomeViewModel.swift in Sources */,
				75530F1C2AEB9240008C7724 /* CoinImageView.swift in Sources */,
				75D0D82E2AF5313000CA3F14 /* PortfolioView.swift in Sources */,
				7515315C2AEF73E4008CDDF5 /* LocalFileManager.swift in Sources */,
				75E4F9422AE1041A002A59FF /* CircleButtonView.swift in Sources */,
				756F1B242AEB964C0042F2C6 /* CoinImageService.swift in Sources */,
				755A15102AE79D5800A630CB /* PaginationRowView.swift in Sources */,
				756F1B272AEB9A9A0042F2C6 /* CoinImageViewModel.swift in Sources */,
				75B611D12AF37AA200332333 /* StatisticModel.swift in Sources */,
				759CAA232AF4C26400BE97B5 /* MarketDataService.swift in Sources */,
				75E4F9472AE15E4E002A59FF /* CoinModel.swift in Sources */,
				75B611D52AF37CCA00332333 /* StatisticView.swift in Sources */,
				75530F192AEA49D6008C7724 /* LocalNetworkingManager.swift in Sources */,
				755A150A2AE639F300A630CB /* PreviewProvider.swift in Sources */,
				75B611D72AF38AAA00332333 /* HomeStatsView.swift in Sources */,
				75D0D8322AF538ED00CA3F14 /* CoinLogoView.swift in Sources */,
				751531622AF0E787008CDDF5 /* UIApplication.swift in Sources */,
				755A15082AE6399100A630CB /* CoinRowView.swift in Sources */,
				755A150C2AE6593B00A630CB /* Double.swift in Sources */,
				75A412BB2AE9133F0003E6CC /* ErrorView.swift in Sources */,
				75E4F9382ADFBFC6002A59FF /* Color.swift in Sources */,
				759CAA212AF4C12900BE97B5 /* MarketDataModel.swift in Sources */,
				75530F162AEA3DD4008C7724 /* NetworkingManager.swift in Sources */,
			);
			runOnlyForDeploymentPostprocessing = 0;
		};
/* End PBXSourcesBuildPhase section */

/* Begin XCBuildConfiguration section */
		75E4F92D2ADFBD4C002A59FF /* Debug */ = {
			isa = XCBuildConfiguration;
			buildSettings = {
				ALWAYS_SEARCH_USER_PATHS = NO;
				CLANG_ANALYZER_NONNULL = YES;
				CLANG_ANALYZER_NUMBER_OBJECT_CONVERSION = YES_AGGRESSIVE;
				CLANG_CXX_LANGUAGE_STANDARD = "gnu++20";
				CLANG_ENABLE_MODULES = YES;
				CLANG_ENABLE_OBJC_ARC = YES;
				CLANG_ENABLE_OBJC_WEAK = YES;
				CLANG_WARN_BLOCK_CAPTURE_AUTORELEASING = YES;
				CLANG_WARN_BOOL_CONVERSION = YES;
				CLANG_WARN_COMMA = YES;
				CLANG_WARN_CONSTANT_CONVERSION = YES;
				CLANG_WARN_DEPRECATED_OBJC_IMPLEMENTATIONS = YES;
				CLANG_WARN_DIRECT_OBJC_ISA_USAGE = YES_ERROR;
				CLANG_WARN_DOCUMENTATION_COMMENTS = YES;
				CLANG_WARN_EMPTY_BODY = YES;
				CLANG_WARN_ENUM_CONVERSION = YES;
				CLANG_WARN_INFINITE_RECURSION = YES;
				CLANG_WARN_INT_CONVERSION = YES;
				CLANG_WARN_NON_LITERAL_NULL_CONVERSION = YES;
				CLANG_WARN_OBJC_IMPLICIT_RETAIN_SELF = YES;
				CLANG_WARN_OBJC_LITERAL_CONVERSION = YES;
				CLANG_WARN_OBJC_ROOT_CLASS = YES_ERROR;
				CLANG_WARN_QUOTED_INCLUDE_IN_FRAMEWORK_HEADER = YES;
				CLANG_WARN_RANGE_LOOP_ANALYSIS = YES;
				CLANG_WARN_STRICT_PROTOTYPES = YES;
				CLANG_WARN_SUSPICIOUS_MOVE = YES;
				CLANG_WARN_UNGUARDED_AVAILABILITY = YES_AGGRESSIVE;
				CLANG_WARN_UNREACHABLE_CODE = YES;
				CLANG_WARN__DUPLICATE_METHOD_MATCH = YES;
				COPY_PHASE_STRIP = NO;
				DEBUG_INFORMATION_FORMAT = dwarf;
				ENABLE_STRICT_OBJC_MSGSEND = YES;
				ENABLE_TESTABILITY = YES;
				ENABLE_USER_SCRIPT_SANDBOXING = YES;
				GCC_C_LANGUAGE_STANDARD = gnu11;
				GCC_DYNAMIC_NO_PIC = NO;
				GCC_NO_COMMON_BLOCKS = YES;
				GCC_OPTIMIZATION_LEVEL = 0;
				GCC_PREPROCESSOR_DEFINITIONS = (
					"DEBUG=1",
					"$(inherited)",
				);
				GCC_WARN_64_TO_32_BIT_CONVERSION = YES;
				GCC_WARN_ABOUT_RETURN_TYPE = YES_ERROR;
				GCC_WARN_UNDECLARED_SELECTOR = YES;
				GCC_WARN_UNINITIALIZED_AUTOS = YES_AGGRESSIVE;
				GCC_WARN_UNUSED_FUNCTION = YES;
				GCC_WARN_UNUSED_VARIABLE = YES;
				IPHONEOS_DEPLOYMENT_TARGET = 16.4;
				MTL_ENABLE_DEBUG_INFO = INCLUDE_SOURCE;
				MTL_FAST_MATH = YES;
				ONLY_ACTIVE_ARCH = YES;
				SDKROOT = iphoneos;
				SWIFT_ACTIVE_COMPILATION_CONDITIONS = DEBUG;
				SWIFT_OPTIMIZATION_LEVEL = "-Onone";
			};
			name = Debug;
		};
		75E4F92E2ADFBD4C002A59FF /* Release */ = {
			isa = XCBuildConfiguration;
			buildSettings = {
				ALWAYS_SEARCH_USER_PATHS = NO;
				CLANG_ANALYZER_NONNULL = YES;
				CLANG_ANALYZER_NUMBER_OBJECT_CONVERSION = YES_AGGRESSIVE;
				CLANG_CXX_LANGUAGE_STANDARD = "gnu++20";
				CLANG_ENABLE_MODULES = YES;
				CLANG_ENABLE_OBJC_ARC = YES;
				CLANG_ENABLE_OBJC_WEAK = YES;
				CLANG_WARN_BLOCK_CAPTURE_AUTORELEASING = YES;
				CLANG_WARN_BOOL_CONVERSION = YES;
				CLANG_WARN_COMMA = YES;
				CLANG_WARN_CONSTANT_CONVERSION = YES;
				CLANG_WARN_DEPRECATED_OBJC_IMPLEMENTATIONS = YES;
				CLANG_WARN_DIRECT_OBJC_ISA_USAGE = YES_ERROR;
				CLANG_WARN_DOCUMENTATION_COMMENTS = YES;
				CLANG_WARN_EMPTY_BODY = YES;
				CLANG_WARN_ENUM_CONVERSION = YES;
				CLANG_WARN_INFINITE_RECURSION = YES;
				CLANG_WARN_INT_CONVERSION = YES;
				CLANG_WARN_NON_LITERAL_NULL_CONVERSION = YES;
				CLANG_WARN_OBJC_IMPLICIT_RETAIN_SELF = YES;
				CLANG_WARN_OBJC_LITERAL_CONVERSION = YES;
				CLANG_WARN_OBJC_ROOT_CLASS = YES_ERROR;
				CLANG_WARN_QUOTED_INCLUDE_IN_FRAMEWORK_HEADER = YES;
				CLANG_WARN_RANGE_LOOP_ANALYSIS = YES;
				CLANG_WARN_STRICT_PROTOTYPES = YES;
				CLANG_WARN_SUSPICIOUS_MOVE = YES;
				CLANG_WARN_UNGUARDED_AVAILABILITY = YES_AGGRESSIVE;
				CLANG_WARN_UNREACHABLE_CODE = YES;
				CLANG_WARN__DUPLICATE_METHOD_MATCH = YES;
				COPY_PHASE_STRIP = NO;
				DEBUG_INFORMATION_FORMAT = "dwarf-with-dsym";
				ENABLE_NS_ASSERTIONS = NO;
				ENABLE_STRICT_OBJC_MSGSEND = YES;
				ENABLE_USER_SCRIPT_SANDBOXING = YES;
				GCC_C_LANGUAGE_STANDARD = gnu11;
				GCC_NO_COMMON_BLOCKS = YES;
				GCC_WARN_64_TO_32_BIT_CONVERSION = YES;
				GCC_WARN_ABOUT_RETURN_TYPE = YES_ERROR;
				GCC_WARN_UNDECLARED_SELECTOR = YES;
				GCC_WARN_UNINITIALIZED_AUTOS = YES_AGGRESSIVE;
				GCC_WARN_UNUSED_FUNCTION = YES;
				GCC_WARN_UNUSED_VARIABLE = YES;
				IPHONEOS_DEPLOYMENT_TARGET = 16.4;
				MTL_ENABLE_DEBUG_INFO = NO;
				MTL_FAST_MATH = YES;
				SDKROOT = iphoneos;
				SWIFT_COMPILATION_MODE = wholemodule;
				SWIFT_OPTIMIZATION_LEVEL = "-O";
				VALIDATE_PRODUCT = YES;
			};
			name = Release;
		};
		75E4F9302ADFBD4C002A59FF /* Debug */ = {
			isa = XCBuildConfiguration;
			buildSettings = {
				ASSETCATALOG_COMPILER_APPICON_NAME = AppIcon;
				ASSETCATALOG_COMPILER_GLOBAL_ACCENT_COLOR_NAME = AccentColor;
				CODE_SIGN_STYLE = Automatic;
				CURRENT_PROJECT_VERSION = 1;
				DEVELOPMENT_ASSET_PATHS = "\"StockApp/Preview Content\"";
				DEVELOPMENT_TEAM = SY7MZGAN4N;
				ENABLE_PREVIEWS = YES;
				GENERATE_INFOPLIST_FILE = YES;
				INFOPLIST_KEY_CFBundleDisplayName = "Crypto Tracker";
				INFOPLIST_KEY_UIApplicationSceneManifest_Generation = YES;
				INFOPLIST_KEY_UIApplicationSupportsIndirectInputEvents = YES;
				INFOPLIST_KEY_UILaunchScreen_Generation = YES;
				INFOPLIST_KEY_UISupportedInterfaceOrientations = UIInterfaceOrientationPortrait;
				IPHONEOS_DEPLOYMENT_TARGET = 17.0;
				LD_RUNPATH_SEARCH_PATHS = (
					"$(inherited)",
					"@executable_path/Frameworks",
				);
				MARKETING_VERSION = 1.0;
				PRODUCT_BUNDLE_IDENTIFIER = personalteam.StockApp;
				PRODUCT_NAME = "$(TARGET_NAME)";
				SUPPORTED_PLATFORMS = "iphoneos iphonesimulator";
				SUPPORTS_MACCATALYST = NO;
				SUPPORTS_MAC_DESIGNED_FOR_IPHONE_IPAD = NO;
				SWIFT_EMIT_LOC_STRINGS = YES;
				SWIFT_VERSION = 5.0;
				TARGETED_DEVICE_FAMILY = "1,2";
			};
			name = Debug;
		};
		75E4F9312ADFBD4C002A59FF /* Release */ = {
			isa = XCBuildConfiguration;
			buildSettings = {
				ASSETCATALOG_COMPILER_APPICON_NAME = AppIcon;
				ASSETCATALOG_COMPILER_GLOBAL_ACCENT_COLOR_NAME = AccentColor;
				CODE_SIGN_STYLE = Automatic;
				CURRENT_PROJECT_VERSION = 1;
				DEVELOPMENT_ASSET_PATHS = "\"StockApp/Preview Content\"";
				DEVELOPMENT_TEAM = SY7MZGAN4N;
				ENABLE_PREVIEWS = YES;
				GENERATE_INFOPLIST_FILE = YES;
				INFOPLIST_KEY_CFBundleDisplayName = "Crypto Tracker";
				INFOPLIST_KEY_UIApplicationSceneManifest_Generation = YES;
				INFOPLIST_KEY_UIApplicationSupportsIndirectInputEvents = YES;
				INFOPLIST_KEY_UILaunchScreen_Generation = YES;
				INFOPLIST_KEY_UISupportedInterfaceOrientations = UIInterfaceOrientationPortrait;
				IPHONEOS_DEPLOYMENT_TARGET = 17.0;
				LD_RUNPATH_SEARCH_PATHS = (
					"$(inherited)",
					"@executable_path/Frameworks",
				);
				MARKETING_VERSION = 1.0;
				PRODUCT_BUNDLE_IDENTIFIER = personalteam.StockApp;
				PRODUCT_NAME = "$(TARGET_NAME)";
				SUPPORTED_PLATFORMS = "iphoneos iphonesimulator";
				SUPPORTS_MACCATALYST = NO;
				SUPPORTS_MAC_DESIGNED_FOR_IPHONE_IPAD = NO;
				SWIFT_EMIT_LOC_STRINGS = YES;
				SWIFT_VERSION = 5.0;
				TARGETED_DEVICE_FAMILY = "1,2";
			};
			name = Release;
		};
/* End XCBuildConfiguration section */

/* Begin XCConfigurationList section */
		75E4F91C2ADFBD4B002A59FF /* Build configuration list for PBXProject "StockApp" */ = {
			isa = XCConfigurationList;
			buildConfigurations = (
				75E4F92D2ADFBD4C002A59FF /* Debug */,
				75E4F92E2ADFBD4C002A59FF /* Release */,
			);
			defaultConfigurationIsVisible = 0;
			defaultConfigurationName = Release;
		};
		75E4F92F2ADFBD4C002A59FF /* Build configuration list for PBXNativeTarget "StockApp" */ = {
			isa = XCConfigurationList;
			buildConfigurations = (
				75E4F9302ADFBD4C002A59FF /* Debug */,
				75E4F9312ADFBD4C002A59FF /* Release */,
			);
			defaultConfigurationIsVisible = 0;
			defaultConfigurationName = Release;
		};
/* End XCConfigurationList section */
	};
	rootObject = 75E4F9192ADFBD4B002A59FF /* Project object */;
}
